
Microsoft Visual Studio Solution File, Format Version 12.00
Project("{FAE04EC0-301F-11D3-BF4B-00C04F79EFBC}") = "OrderExercise", "OrderExercise\OrderExercise.csproj", "{252881BE-527E-4916-BAC7-925A87FCED9D}"
EndProject
Global
	GlobalSection(SolutionConfigurationPlatforms) = preSolution
		Debug|Any CPU = Debug|Any CPU
		Release|Any CPU = Release|Any CPU
	EndGlobalSection
	GlobalSection(ProjectConfigurationPlatforms) = postSolution
		{252881BE-527E-4916-BAC7-925A87FCED9D}.Debug|Any CPU.ActiveCfg = Debug|Any CPU
		{252881BE-527E-4916-BAC7-925A87FCED9D}.Debug|Any CPU.Build.0 = Debug|Any CPU
		{252881BE-527E-4916-BAC7-925A87FCED9D}.Release|Any CPU.ActiveCfg = Release|Any CPU
		{252881BE-527E-4916-BAC7-925A87FCED9D}.Release|Any CPU.Build.0 = Release|Any CPU
	EndGlobalSection
EndGlobal
